# This file is automatically @generated by Cargo.
# It is not intended for manual editing.
version = 4

[[package]]
name = "garwarp"
version = "0.1.0"
dependencies = [
 "garwarp-ipc",
]

[[package]]
name = "garwarp-ipc"
version = "0.1.0"

[[package]]
name = "garwarpctl"
version = "0.1.0"
dependencies = [
 "garwarp-ipc",
]
